Microsoft Visual Studio Solution File, Format Version 12.00
# Visual Studio 2013
VisualStudioVersion = 12.0.31101.0
MinimumVisualStudioVersion = 10.0.40219.1
Project("{8BC9CEB8-8B4A-11D0-8D11-00A0C91BC942}") = "rocksdb", "rocksdb.vcxproj", "{3CEF00B5-EE54-4348-A740-3B3EBCBD39AA}"
EndProject
Project("{2150E333-8FDC-42A3-9474-1A3956D46DE8}") = "Tests", "Tests", "{FFC4A4CC-5EEF-4C07-ABE0-B1E4991852A7}"
EndProject
Project("{8BC9CEB8-8B4A-11D0-8D11-00A0C91BC942}") = "EnvTest", "Tests\EnvTest\EnvTest.vcxproj", "{B2792F21-C876-11E4-856E-00262D8E2E88}"
	ProjectSection(ProjectDependencies) = postProject
		{3CEF00B5-EE54-4348-A740-3B3EBCBD39AA} = {3CEF00B5-EE54-4348-A740-3B3EBCBD39AA}
	EndProjectSection
EndProject
Project("{8BC9CEB8-8B4A-11D0-8D11-00A0C91BC942}") = "FilelockTest", "Tests\FilelockTest\FilelockTest.vcxproj", "{B27C1551-C876-11E4-BF97-00262D8E2E88}"
	ProjectSection(ProjectDependencies) = postProject
		{3CEF00B5-EE54-4348-A740-3B3EBCBD39AA} = {3CEF00B5-EE54-4348-A740-3B3EBCBD39AA}
	EndProjectSection
EndProject
Project("{8BC9CEB8-8B4A-11D0-8D11-00A0C91BC942}") = "ColumnFamilyTest", "Tests\ColumnFamilyTest\ColumnFamilyTest.vcxproj", "{B27CB18F-C876-11E4-8DED-00262D8E2E88}"
	ProjectSection(ProjectDependencies) = postProject
		{3CEF00B5-EE54-4348-A740-3B3EBCBD39AA} = {3CEF00B5-EE54-4348-A740-3B3EBCBD39AA}
	EndProjectSection
EndProject
Project("{8BC9CEB8-8B4A-11D0-8D11-00A0C91BC942}") = "DbTest", "Tests\DbTest\DbTest.vcxproj", "{B27D4DCF-C876-11E4-812C-00262D8E2E88}"
	ProjectSection(ProjectDependencies) = postProject
		{3CEF00B5-EE54-4348-A740-3B3EBCBD39AA} = {3CEF00B5-EE54-4348-A740-3B3EBCBD39AA}
	EndProjectSection
EndProject
Project("{8BC9CEB8-8B4A-11D0-8D11-00A0C91BC942}") = "CompactionJobTest", "Tests\CompactionJobTest\CompactionJobTest.vcxproj", "{B27DEA0F-C876-11E4-A084-00262D8E2E88}"
	ProjectSection(ProjectDependencies) = postProject
		{3CEF00B5-EE54-4348-A740-3B3EBCBD39AA} = {3CEF00B5-EE54-4348-A740-3B3EBCBD39AA}
	EndProjectSection
EndProject
Project("{8BC9CEB8-8B4A-11D0-8D11-00A0C91BC942}") = "CompactionPickerTest", "Tests\CompactionPickerTest\CompactionPickerTest.vcxproj", "{B27E3830-C876-11E4-A6F8-00262D8E2E88}"
	ProjectSection(ProjectDependencies) = postProject
		{3CEF00B5-EE54-4348-A740-3B3EBCBD39AA} = {3CEF00B5-EE54-4348-A740-3B3EBCBD39AA}
	EndProjectSection
EndProject
Project("{8BC9CEB8-8B4A-11D0-8D11-00A0C91BC942}") = "ComparatorDbTest", "Tests\ComparatorDbTest\ComparatorDbTest.vcxproj", "{B27EFB80-C876-11E4-95E8-00262D8E2E88}"
	ProjectSection(ProjectDependencies) = postProject
		{3CEF00B5-EE54-4348-A740-3B3EBCBD39AA} = {3CEF00B5-EE54-4348-A740-3B3EBCBD39AA}
	EndProjectSection
EndProject
Project("{8BC9CEB8-8B4A-11D0-8D11-00A0C91BC942}") = "CorruptionTest", "Tests\CorruptionTest\CorruptionTest.vcxproj", "{B27F97C0-C876-11E4-A7ED-00262D8E2E88}"
	ProjectSection(ProjectDependencies) = postProject
		{3CEF00B5-EE54-4348-A740-3B3EBCBD39AA} = {3CEF00B5-EE54-4348-A740-3B3EBCBD39AA}
	EndProjectSection
EndProject
Project("{8BC9CEB8-8B4A-11D0-8D11-00A0C91BC942}") = "CuckooTableDbTest", "Tests\CuckooTableDbTest\CuckooTableDbTest.vcxproj", "{B2800CEE-C876-11E4-9516-00262D8E2E88}"
	ProjectSection(ProjectDependencies) = postProject
		{3CEF00B5-EE54-4348-A740-3B3EBCBD39AA} = {3CEF00B5-EE54-4348-A740-3B3EBCBD39AA}
	EndProjectSection
EndProject
Project("{8BC9CEB8-8B4A-11D0-8D11-00A0C91BC942}") = "DbformatTest", "Tests\DbformatTest\DbformatTest.vcxproj", "{B280A930-C876-11E4-88FD-00262D8E2E88}"
	ProjectSection(ProjectDependencies) = postProject
		{3CEF00B5-EE54-4348-A740-3B3EBCBD39AA} = {3CEF00B5-EE54-4348-A740-3B3EBCBD39AA}
	EndProjectSection
EndProject
Project("{8BC9CEB8-8B4A-11D0-8D11-00A0C91BC942}") = "DbIterTest", "Tests\DbIterTest\DbIterTest.vcxproj", "{B2811E61-C876-11E4-8556-00262D8E2E88}"
	ProjectSection(ProjectDependencies) = postProject
		{3CEF00B5-EE54-4348-A740-3B3EBCBD39AA} = {3CEF00B5-EE54-4348-A740-3B3EBCBD39AA}
	EndProjectSection
EndProject
Project("{8BC9CEB8-8B4A-11D0-8D11-00A0C91BC942}") = "DeletefileTest", "Tests\DeletefileTest\DeletefileTest.vcxproj", "{B281938F-C876-11E4-AA85-00262D8E2E88}"
	ProjectSection(ProjectDependencies) = postProject
		{3CEF00B5-EE54-4348-A740-3B3EBCBD39AA} = {3CEF00B5-EE54-4348-A740-3B3EBCBD39AA}
	EndProjectSection
EndProject
Project("{8BC9CEB8-8B4A-11D0-8D11-00A0C91BC942}") = "FaultInjectionTest", "Tests\FaultInjectionTest\FaultInjectionTest.vcxproj", "{B28208C0-C876-11E4-A466-00262D8E2E88}"
	ProjectSection(ProjectDependencies) = postProject
		{3CEF00B5-EE54-4348-A740-3B3EBCBD39AA} = {3CEF00B5-EE54-4348-A740-3B3EBCBD39AA}
	EndProjectSection
EndProject
Project("{8BC9CEB8-8B4A-11D0-8D11-00A0C91BC942}") = "FilenameTest", "Tests\FilenameTest\FilenameTest.vcxproj", "{B282A500-C876-11E4-A9D5-00262D8E2E88}"
	ProjectSection(ProjectDependencies) = postProject
		{3CEF00B5-EE54-4348-A740-3B3EBCBD39AA} = {3CEF00B5-EE54-4348-A740-3B3EBCBD39AA}
	EndProjectSection
EndProject
Project("{8BC9CEB8-8B4A-11D0-8D11-00A0C91BC942}") = "FileIndexerTest", "Tests\FileIndexerTest\FileIndexerTest.vcxproj", "{B2834140-C876-11E4-BEFA-00262D8E2E88}"
	ProjectSection(ProjectDependencies) = postProject
		{3CEF00B5-EE54-4348-A740-3B3EBCBD39AA} = {3CEF00B5-EE54-4348-A740-3B3EBCBD39AA}
	EndProjectSection
EndProject
Project("{8BC9CEB8-8B4A-11D0-8D11-00A0C91BC942}") = "FlushJobTest", "Tests\FlushJobTest\FlushJobTest.vcxproj", "{B283B670-C876-11E4-A761-00262D8E2E88}"
	ProjectSection(ProjectDependencies) = postProject
		{3CEF00B5-EE54-4348-A740-3B3EBCBD39AA} = {3CEF00B5-EE54-4348-A740-3B3EBCBD39AA}
	EndProjectSection
EndProject
Project("{8BC9CEB8-8B4A-11D0-8D11-00A0C91BC942}") = "ListenerTest", "Tests\ListenerTest\ListenerTest.vcxproj", "{B2842BA1-C876-11E4-85D2-00262D8E2E88}"
	ProjectSection(ProjectDependencies) = postProject
		{3CEF00B5-EE54-4348-A740-3B3EBCBD39AA} = {3CEF00B5-EE54-4348-A740-3B3EBCBD39AA}
	EndProjectSection
EndProject
Project("{8BC9CEB8-8B4A-11D0-8D11-00A0C91BC942}") = "LogTest", "Tests\LogTest\LogTest.vcxproj", "{B284C7E1-C876-11E4-AB07-00262D8E2E88}"
	ProjectSection(ProjectDependencies) = postProject
		{3CEF00B5-EE54-4348-A740-3B3EBCBD39AA} = {3CEF00B5-EE54-4348-A740-3B3EBCBD39AA}
	EndProjectSection
EndProject
Project("{8BC9CEB8-8B4A-11D0-8D11-00A0C91BC942}") = "MergeTest", "Tests\MergeTest\MergeTest.vcxproj", "{B2853D0F-C876-11E4-BAAC-00262D8E2E88}"
	ProjectSection(ProjectDependencies) = postProject
		{3CEF00B5-EE54-4348-A740-3B3EBCBD39AA} = {3CEF00B5-EE54-4348-A740-3B3EBCBD39AA}
	EndProjectSection
EndProject
Project("{8BC9CEB8-8B4A-11D0-8D11-00A0C91BC942}") = "PerfContextTest", "Tests\PerfContextTest\PerfContextTest.vcxproj", "{B285B240-C876-11E4-8B1F-00262D8E2E88}"
	ProjectSection(ProjectDependencies) = postProject
		{3CEF00B5-EE54-4348-A740-3B3EBCBD39AA} = {3CEF00B5-EE54-4348-A740-3B3EBCBD39AA}
	EndProjectSection
EndProject
Project("{8BC9CEB8-8B4A-11D0-8D11-00A0C91BC942}") = "PlainTableDbTest", "Tests\PlainTableDbTest\PlainTableDbTest.vcxproj", "{B2862770-C876-11E4-8631-00262D8E2E88}"
	ProjectSection(ProjectDependencies) = postProject
		{3CEF00B5-EE54-4348-A740-3B3EBCBD39AA} = {3CEF00B5-EE54-4348-A740-3B3EBCBD39AA}
	EndProjectSection
EndProject
Project("{8BC9CEB8-8B4A-11D0-8D11-00A0C91BC942}") = "PrefixTest", "Tests\PrefixTest\PrefixTest.vcxproj", "{B286C3B0-C876-11E4-94E8-00262D8E2E88}"
	ProjectSection(ProjectDependencies) = postProject
		{3CEF00B5-EE54-4348-A740-3B3EBCBD39AA} = {3CEF00B5-EE54-4348-A740-3B3EBCBD39AA}
	EndProjectSection
EndProject
Project("{8BC9CEB8-8B4A-11D0-8D11-00A0C91BC942}") = "SkiplistTest", "Tests\SkiplistTest\SkiplistTest.vcxproj", "{B28738E1-C876-11E4-8BE8-00262D8E2E88}"
	ProjectSection(ProjectDependencies) = postProject
		{3CEF00B5-EE54-4348-A740-3B3EBCBD39AA} = {3CEF00B5-EE54-4348-A740-3B3EBCBD39AA}
	EndProjectSection
EndProject
Project("{8BC9CEB8-8B4A-11D0-8D11-00A0C91BC942}") = "TablePropertiesCollectorTest", "Tests\TablePropertiesCollectorTest\TablePropertiesCollectorTest.vcxproj", "{B287D521-C876-11E4-A335-00262D8E2E88}"
	ProjectSection(ProjectDependencies) = postProject
		{3CEF00B5-EE54-4348-A740-3B3EBCBD39AA} = {3CEF00B5-EE54-4348-A740-3B3EBCBD39AA}
	EndProjectSection
EndProject
Project("{8BC9CEB8-8B4A-11D0-8D11-00A0C91BC942}") = "VersionBuilderTest", "Tests\VersionBuilderTest\VersionBuilderTest.vcxproj", "{B288715E-C876-11E4-A748-00262D8E2E88}"
	ProjectSection(ProjectDependencies) = postProject
		{3CEF00B5-EE54-4348-A740-3B3EBCBD39AA} = {3CEF00B5-EE54-4348-A740-3B3EBCBD39AA}
	EndProjectSection
EndProject
Project("{8BC9CEB8-8B4A-11D0-8D11-00A0C91BC942}") = "VersionEditTest", "Tests\VersionEditTest\VersionEditTest.vcxproj", "{B2890D9E-C876-11E4-A556-00262D8E2E88}"
	ProjectSection(ProjectDependencies) = postProject
		{3CEF00B5-EE54-4348-A740-3B3EBCBD39AA} = {3CEF00B5-EE54-4348-A740-3B3EBCBD39AA}
	EndProjectSection
EndProject
Project("{8BC9CEB8-8B4A-11D0-8D11-00A0C91BC942}") = "VersionSetTest", "Tests\VersionSetTest\VersionSetTest.vcxproj", "{B289A9E1-C876-11E4-A8B2-00262D8E2E88}"
	ProjectSection(ProjectDependencies) = postProject
		{3CEF00B5-EE54-4348-A740-3B3EBCBD39AA} = {3CEF00B5-EE54-4348-A740-3B3EBCBD39AA}
	EndProjectSection
EndProject
Project("{8BC9CEB8-8B4A-11D0-8D11-00A0C91BC942}") = "WalManagerTest", "Tests\WalManagerTest\WalManagerTest.vcxproj", "{B28A1F11-C876-11E4-9C14-00262D8E2E88}"
	ProjectSection(ProjectDependencies) = postProject
		{3CEF00B5-EE54-4348-A740-3B3EBCBD39AA} = {3CEF00B5-EE54-4348-A740-3B3EBCBD39AA}
	EndProjectSection
EndProject
Project("{8BC9CEB8-8B4A-11D0-8D11-00A0C91BC942}") = "WriteBatchTest", "Tests\WriteBatchTest\WriteBatchTest.vcxproj", "{B28A9440-C876-11E4-910E-00262D8E2E88}"
	ProjectSection(ProjectDependencies) = postProject
		{3CEF00B5-EE54-4348-A740-3B3EBCBD39AA} = {3CEF00B5-EE54-4348-A740-3B3EBCBD39AA}
	EndProjectSection
EndProject
Project("{8BC9CEB8-8B4A-11D0-8D11-00A0C91BC942}") = "WriteControllerTest", "Tests\WriteControllerTest\WriteControllerTest.vcxproj", "{B28B096E-C876-11E4-90F0-00262D8E2E88}"
	ProjectSection(ProjectDependencies) = postProject
		{3CEF00B5-EE54-4348-A740-3B3EBCBD39AA} = {3CEF00B5-EE54-4348-A740-3B3EBCBD39AA}
	EndProjectSection
EndProject
Project("{8BC9CEB8-8B4A-11D0-8D11-00A0C91BC942}") = "BlockBasedFilterBlockTest", "Tests\BlockBasedFilterBlockTest\BlockBasedFilterBlockTest.vcxproj", "{B28BA5B0-C876-11E4-8543-00262D8E2E88}"
	ProjectSection(ProjectDependencies) = postProject
		{3CEF00B5-EE54-4348-A740-3B3EBCBD39AA} = {3CEF00B5-EE54-4348-A740-3B3EBCBD39AA}
	EndProjectSection
EndProject
Project("{8BC9CEB8-8B4A-11D0-8D11-00A0C91BC942}") = "BlockHashIndexTest", "Tests\BlockHashIndexTest\BlockHashIndexTest.vcxproj", "{B28C41F0-C876-11E4-AF4B-00262D8E2E88}"
	ProjectSection(ProjectDependencies) = postProject
		{3CEF00B5-EE54-4348-A740-3B3EBCBD39AA} = {3CEF00B5-EE54-4348-A740-3B3EBCBD39AA}
	EndProjectSection
EndProject
Project("{8BC9CEB8-8B4A-11D0-8D11-00A0C91BC942}") = "BlockTest", "Tests\BlockTest\BlockTest.vcxproj", "{B28CB721-C876-11E4-9DE4-00262D8E2E88}"
	ProjectSection(ProjectDependencies) = postProject
		{3CEF00B5-EE54-4348-A740-3B3EBCBD39AA} = {3CEF00B5-EE54-4348-A740-3B3EBCBD39AA}
	EndProjectSection
EndProject
Project("{8BC9CEB8-8B4A-11D0-8D11-00A0C91BC942}") = "CuckooTableBuilderTest", "Tests\CuckooTableBuilderTest\CuckooTableBuilderTest.vcxproj", "{B28D2C51-C876-11E4-9E0C-00262D8E2E88}"
	ProjectSection(ProjectDependencies) = postProject
		{3CEF00B5-EE54-4348-A740-3B3EBCBD39AA} = {3CEF00B5-EE54-4348-A740-3B3EBCBD39AA}
	EndProjectSection
EndProject
Project("{8BC9CEB8-8B4A-11D0-8D11-00A0C91BC942}") = "CuckooTableReaderTest", "Tests\CuckooTableReaderTest\CuckooTableReaderTest.vcxproj", "{B28DA180-C876-11E4-8B08-00262D8E2E88}"
	ProjectSection(ProjectDependencies) = postProject
		{3CEF00B5-EE54-4348-A740-3B3EBCBD39AA} = {3CEF00B5-EE54-4348-A740-3B3EBCBD39AA}
	EndProjectSection
EndProject
Project("{8BC9CEB8-8B4A-11D0-8D11-00A0C91BC942}") = "FullFilterBlockTest", "Tests\FullFilterBlockTest\FullFilterBlockTest.vcxproj", "{B28E64CF-C876-11E4-9556-00262D8E2E88}"
	ProjectSection(ProjectDependencies) = postProject
		{3CEF00B5-EE54-4348-A740-3B3EBCBD39AA} = {3CEF00B5-EE54-4348-A740-3B3EBCBD39AA}
	EndProjectSection
EndProject
Project("{8BC9CEB8-8B4A-11D0-8D11-00A0C91BC942}") = "MergerTest", "Tests\MergerTest\MergerTest.vcxproj", "{B28EDA00-C876-11E4-8AD7-00262D8E2E88}"
	ProjectSection(ProjectDependencies) = postProject
		{3CEF00B5-EE54-4348-A740-3B3EBCBD39AA} = {3CEF00B5-EE54-4348-A740-3B3EBCBD39AA}
	EndProjectSection
EndProject
Project("{8BC9CEB8-8B4A-11D0-8D11-00A0C91BC942}") = "TableTest", "Tests\TableTest\TableTest.vcxproj", "{B28F7640-C876-11E4-AEB2-00262D8E2E88}"
	ProjectSection(ProjectDependencies) = postProject
		{3CEF00B5-EE54-4348-A740-3B3EBCBD39AA} = {3CEF00B5-EE54-4348-A740-3B3EBCBD39AA}
	EndProjectSection
EndProject
Project("{8BC9CEB8-8B4A-11D0-8D11-00A0C91BC942}") = "DbSanityTest", "Tests\DbSanityTest\DbSanityTest.vcxproj", "{B28FC461-C876-11E4-B85F-00262D8E2E88}"
	ProjectSection(ProjectDependencies) = postProject
		{3CEF00B5-EE54-4348-A740-3B3EBCBD39AA} = {3CEF00B5-EE54-4348-A740-3B3EBCBD39AA}
	EndProjectSection
EndProject
Project("{8BC9CEB8-8B4A-11D0-8D11-00A0C91BC942}") = "ReduceLevelsTest", "Tests\ReduceLevelsTest\ReduceLevelsTest.vcxproj", "{B29060A1-C876-11E4-9D69-00262D8E2E88}"
	ProjectSection(ProjectDependencies) = postProject
		{3CEF00B5-EE54-4348-A740-3B3EBCBD39AA} = {3CEF00B5-EE54-4348-A740-3B3EBCBD39AA}
	EndProjectSection
EndProject
Project("{8BC9CEB8-8B4A-11D0-8D11-00A0C91BC942}") = "ArenaTest", "Tests\ArenaTest\ArenaTest.vcxproj", "{B290D5CF-C876-11E4-9FAC-00262D8E2E88}"
	ProjectSection(ProjectDependencies) = postProject
		{3CEF00B5-EE54-4348-A740-3B3EBCBD39AA} = {3CEF00B5-EE54-4348-A740-3B3EBCBD39AA}
	EndProjectSection
EndProject
Project("{8BC9CEB8-8B4A-11D0-8D11-00A0C91BC942}") = "AutovectorTest", "Tests\AutovectorTest\AutovectorTest.vcxproj", "{B2914B00-C876-11E4-BAAC-00262D8E2E88}"
	ProjectSection(ProjectDependencies) = postProject
		{3CEF00B5-EE54-4348-A740-3B3EBCBD39AA} = {3CEF00B5-EE54-4348-A740-3B3EBCBD39AA}
	EndProjectSection
EndProject
Project("{8BC9CEB8-8B4A-11D0-8D11-00A0C91BC942}") = "AutoRollLoggerTest", "Tests\AutoRollLoggerTest\AutoRollLoggerTest.vcxproj", "{B291E740-C876-11E4-82C9-00262D8E2E88}"
	ProjectSection(ProjectDependencies) = postProject
		{3CEF00B5-EE54-4348-A740-3B3EBCBD39AA} = {3CEF00B5-EE54-4348-A740-3B3EBCBD39AA}
	EndProjectSection
EndProject
Project("{8BC9CEB8-8B4A-11D0-8D11-00A0C91BC942}") = "BenchharnessTest", "Tests\BenchharnessTest\BenchharnessTest.vcxproj", "{B2928380-C876-11E4-A23A-00262D8E2E88}"
	ProjectSection(ProjectDependencies) = postProject
		{3CEF00B5-EE54-4348-A740-3B3EBCBD39AA} = {3CEF00B5-EE54-4348-A740-3B3EBCBD39AA}
	EndProjectSection
EndProject
Project("{8BC9CEB8-8B4A-11D0-8D11-00A0C91BC942}") = "BloomTest", "Tests\BloomTest\BloomTest.vcxproj", "{B2931FC0-C876-11E4-A4B5-00262D8E2E88}"
	ProjectSection(ProjectDependencies) = postProject
		{3CEF00B5-EE54-4348-A740-3B3EBCBD39AA} = {3CEF00B5-EE54-4348-A740-3B3EBCBD39AA}
	EndProjectSection
EndProject
Project("{8BC9CEB8-8B4A-11D0-8D11-00A0C91BC942}") = "CacheTest", "Tests\CacheTest\CacheTest.vcxproj", "{B293BC00-C876-11E4-838A-00262D8E2E88}"
	ProjectSection(ProjectDependencies) = postProject
		{3CEF00B5-EE54-4348-A740-3B3EBCBD39AA} = {3CEF00B5-EE54-4348-A740-3B3EBCBD39AA}
	EndProjectSection
EndProject
Project("{8BC9CEB8-8B4A-11D0-8D11-00A0C91BC942}") = "CodingTest", "Tests\CodingTest\CodingTest.vcxproj", "{B2943130-C876-11E4-A236-00262D8E2E88}"
	ProjectSection(ProjectDependencies) = postProject
		{3CEF00B5-EE54-4348-A740-3B3EBCBD39AA} = {3CEF00B5-EE54-4348-A740-3B3EBCBD39AA}
	EndProjectSection
EndProject
Project("{8BC9CEB8-8B4A-11D0-8D11-00A0C91BC942}") = "Crc32cTest", "Tests\Crc32cTest\Crc32cTest.vcxproj", "{B294A65E-C876-11E4-838C-00262D8E2E88}"
	ProjectSection(ProjectDependencies) = postProject
		{3CEF00B5-EE54-4348-A740-3B3EBCBD39AA} = {3CEF00B5-EE54-4348-A740-3B3EBCBD39AA}
	EndProjectSection
EndProject
Project("{8BC9CEB8-8B4A-11D0-8D11-00A0C91BC942}") = "DynamicBloomTest", "Tests\DynamicBloomTest\DynamicBloomTest.vcxproj", "{B2951B8F-C876-11E4-B534-00262D8E2E88}"
	ProjectSection(ProjectDependencies) = postProject
		{3CEF00B5-EE54-4348-A740-3B3EBCBD39AA} = {3CEF00B5-EE54-4348-A740-3B3EBCBD39AA}
	EndProjectSection
EndProject
Project("{8BC9CEB8-8B4A-11D0-8D11-00A0C91BC942}") = "HistogramTest", "Tests\HistogramTest\HistogramTest.vcxproj", "{B29590C0-C876-11E4-A536-00262D8E2E88}"
	ProjectSection(ProjectDependencies) = postProject
		{3CEF00B5-EE54-4348-A740-3B3EBCBD39AA} = {3CEF00B5-EE54-4348-A740-3B3EBCBD39AA}
	EndProjectSection
EndProject
Project("{8BC9CEB8-8B4A-11D0-8D11-00A0C91BC942}") = "ManualCompactionTest", "Tests\ManualCompactionTest\ManualCompactionTest.vcxproj", "{B296540F-C876-11E4-AC4A-00262D8E2E88}"
	ProjectSection(ProjectDependencies) = postProject
		{3CEF00B5-EE54-4348-A740-3B3EBCBD39AA} = {3CEF00B5-EE54-4348-A740-3B3EBCBD39AA}
	EndProjectSection
EndProject
Project("{8BC9CEB8-8B4A-11D0-8D11-00A0C91BC942}") = "MemenvTest", "Tests\MemenvTest\MemenvTest.vcxproj", "{B296C940-C876-11E4-B50F-00262D8E2E88}"
	ProjectSection(ProjectDependencies) = postProject
		{3CEF00B5-EE54-4348-A740-3B3EBCBD39AA} = {3CEF00B5-EE54-4348-A740-3B3EBCBD39AA}
	EndProjectSection
EndProject
Project("{8BC9CEB8-8B4A-11D0-8D11-00A0C91BC942}") = "MockEnvTest", "Tests\MockEnvTest\MockEnvTest.vcxproj", "{B2976580-C876-11E4-9489-00262D8E2E88}"
	ProjectSection(ProjectDependencies) = postProject
		{3CEF00B5-EE54-4348-A740-3B3EBCBD39AA} = {3CEF00B5-EE54-4348-A740-3B3EBCBD39AA}
	EndProjectSection
EndProject
Project("{8BC9CEB8-8B4A-11D0-8D11-00A0C91BC942}") = "OptionsTest", "Tests\OptionsTest\OptionsTest.vcxproj", "{B297DAB0-C876-11E4-8F16-00262D8E2E88}"
	ProjectSection(ProjectDependencies) = postProject
		{3CEF00B5-EE54-4348-A740-3B3EBCBD39AA} = {3CEF00B5-EE54-4348-A740-3B3EBCBD39AA}
	EndProjectSection
EndProject
Project("{8BC9CEB8-8B4A-11D0-8D11-00A0C91BC942}") = "RateLimiterTest", "Tests\RateLimiterTest\RateLimiterTest.vcxproj", "{B29876F0-C876-11E4-895F-00262D8E2E88}"
	ProjectSection(ProjectDependencies) = postProject
		{3CEF00B5-EE54-4348-A740-3B3EBCBD39AA} = {3CEF00B5-EE54-4348-A740-3B3EBCBD39AA}
	EndProjectSection
EndProject
Project("{8BC9CEB8-8B4A-11D0-8D11-00A0C91BC942}") = "SignalTest", "Tests\SignalTest\SignalTest.vcxproj", "{B299132E-C876-11E4-853B-00262D8E2E88}"
	ProjectSection(ProjectDependencies) = postProject
		{3CEF00B5-EE54-4348-A740-3B3EBCBD39AA} = {3CEF00B5-EE54-4348-A740-3B3EBCBD39AA}
	EndProjectSection
EndProject
Project("{8BC9CEB8-8B4A-11D0-8D11-00A0C91BC942}") = "SliceTransformTest", "Tests\SliceTransformTest\SliceTransformTest.vcxproj", "{B299885E-C876-11E4-B62D-00262D8E2E88}"
	ProjectSection(ProjectDependencies) = postProject
		{3CEF00B5-EE54-4348-A740-3B3EBCBD39AA} = {3CEF00B5-EE54-4348-A740-3B3EBCBD39AA}
	EndProjectSection
EndProject
Project("{8BC9CEB8-8B4A-11D0-8D11-00A0C91BC942}") = "SstDumpTest", "Tests\SstDumpTest\SstDumpTest.vcxproj", "{B299FD8F-C876-11E4-92C8-00262D8E2E88}"
	ProjectSection(ProjectDependencies) = postProject
		{3CEF00B5-EE54-4348-A740-3B3EBCBD39AA} = {3CEF00B5-EE54-4348-A740-3B3EBCBD39AA}
	EndProjectSection
EndProject
Project("{8BC9CEB8-8B4A-11D0-8D11-00A0C91BC942}") = "ThreadListTest", "Tests\ThreadListTest\ThreadListTest.vcxproj", "{B29A72C0-C876-11E4-A522-00262D8E2E88}"
	ProjectSection(ProjectDependencies) = postProject
		{3CEF00B5-EE54-4348-A740-3B3EBCBD39AA} = {3CEF00B5-EE54-4348-A740-3B3EBCBD39AA}
	EndProjectSection
EndProject
Project("{8BC9CEB8-8B4A-11D0-8D11-00A0C91BC942}") = "ThreadLocalTest", "Tests\ThreadLocalTest\ThreadLocalTest.vcxproj", "{B29AE7F0-C876-11E4-ABE1-00262D8E2E88}"
	ProjectSection(ProjectDependencies) = postProject
		{3CEF00B5-EE54-4348-A740-3B3EBCBD39AA} = {3CEF00B5-EE54-4348-A740-3B3EBCBD39AA}
	EndProjectSection
EndProject
Project("{8BC9CEB8-8B4A-11D0-8D11-00A0C91BC942}") = "BackupableDbTest", "Tests\BackupableDbTest\BackupableDbTest.vcxproj", "{B29B8430-C876-11E4-B877-00262D8E2E88}"
	ProjectSection(ProjectDependencies) = postProject
		{3CEF00B5-EE54-4348-A740-3B3EBCBD39AA} = {3CEF00B5-EE54-4348-A740-3B3EBCBD39AA}
	EndProjectSection
EndProject
Project("{8BC9CEB8-8B4A-11D0-8D11-00A0C91BC942}") = "DocumentDbTest", "Tests\DocumentDbTest\DocumentDbTest.vcxproj", "{B29BF95E-C876-11E4-9247-00262D8E2E88}"
	ProjectSection(ProjectDependencies) = postProject
		{3CEF00B5-EE54-4348-A740-3B3EBCBD39AA} = {3CEF00B5-EE54-4348-A740-3B3EBCBD39AA}
	EndProjectSection
EndProject
Project("{8BC9CEB8-8B4A-11D0-8D11-00A0C91BC942}") = "JsonDocumentTest", "Tests\JsonDocumentTest\JsonDocumentTest.vcxproj", "{B29C6E8F-C876-11E4-AE42-00262D8E2E88}"
	ProjectSection(ProjectDependencies) = postProject
		{3CEF00B5-EE54-4348-A740-3B3EBCBD39AA} = {3CEF00B5-EE54-4348-A740-3B3EBCBD39AA}
	EndProjectSection
EndProject
Project("{8BC9CEB8-8B4A-11D0-8D11-00A0C91BC942}") = "GeodbTest", "Tests\GeodbTest\GeodbTest.vcxproj", "{B29D0ACF-C876-11E4-85DE-00262D8E2E88}"
	ProjectSection(ProjectDependencies) = postProject
		{3CEF00B5-EE54-4348-A740-3B3EBCBD39AA} = {3CEF00B5-EE54-4348-A740-3B3EBCBD39AA}
	EndProjectSection
EndProject
Project("{8BC9CEB8-8B4A-11D0-8D11-00A0C91BC942}") = "StringappendTest", "Tests\StringappendTest\StringappendTest.vcxproj", "{B29DCE21-C876-11E4-902B-00262D8E2E88}"
	ProjectSection(ProjectDependencies) = postProject
		{3CEF00B5-EE54-4348-A740-3B3EBCBD39AA} = {3CEF00B5-EE54-4348-A740-3B3EBCBD39AA}
	EndProjectSection
EndProject
Project("{8BC9CEB8-8B4A-11D0-8D11-00A0C91BC942}") = "RedisListsTest", "Tests\RedisListsTest\RedisListsTest.vcxproj", "{B29E4351-C876-11E4-9C4D-00262D8E2E88}"
	ProjectSection(ProjectDependencies) = postProject
		{3CEF00B5-EE54-4348-A740-3B3EBCBD39AA} = {3CEF00B5-EE54-4348-A740-3B3EBCBD39AA}
	EndProjectSection
EndProject
Project("{8BC9CEB8-8B4A-11D0-8D11-00A0C91BC942}") = "SpatialDbTest", "Tests\SpatialDbTest\SpatialDbTest.vcxproj", "{B29EB880-C876-11E4-83B6-00262D8E2E88}"
	ProjectSection(ProjectDependencies) = postProject
		{3CEF00B5-EE54-4348-A740-3B3EBCBD39AA} = {3CEF00B5-EE54-4348-A740-3B3EBCBD39AA}
	EndProjectSection
EndProject
Project("{8BC9CEB8-8B4A-11D0-8D11-00A0C91BC942}") = "TtlTest", "Tests\TtlTest\TtlTest.vcxproj", "{B29F2DAE-C876-11E4-8A22-00262D8E2E88}"
	ProjectSection(ProjectDependencies) = postProject
		{3CEF00B5-EE54-4348-A740-3B3EBCBD39AA} = {3CEF00B5-EE54-4348-A740-3B3EBCBD39AA}
	EndProjectSection
EndProject
Project("{8BC9CEB8-8B4A-11D0-8D11-00A0C91BC942}") = "WriteBatchWithIndexTest", "Tests\WriteBatchWithIndexTest\WriteBatchWithIndexTest.vcxproj", "{B29FC9F0-C876-11E4-B127-00262D8E2E88}"
	ProjectSection(ProjectDependencies) = postProject
		{3CEF00B5-EE54-4348-A740-3B3EBCBD39AA} = {3CEF00B5-EE54-4348-A740-3B3EBCBD39AA}
	EndProjectSection
EndProject
Global
	GlobalSection(SolutionConfigurationPlatforms) = preSolution
		Debug|Win32 = Debug|Win32
		Default|Win32 = Default|Win32
		Release|Win32 = Release|Win32
	EndGlobalSection
	GlobalSection(ProjectConfigurationPlatforms) = postSolution
		{3CEF00B5-EE54-4348-A740-3B3EBCBD39AA}.Debug|Win32.ActiveCfg = Debug|Win32
		{3CEF00B5-EE54-4348-A740-3B3EBCBD39AA}.Debug|Win32.Build.0 = Debug|Win32
		{3CEF00B5-EE54-4348-A740-3B3EBCBD39AA}.Default|Win32.ActiveCfg = Debug|Win32
		{3CEF00B5-EE54-4348-A740-3B3EBCBD39AA}.Default|Win32.Build.0 = Debug|Win32
		{3CEF00B5-EE54-4348-A740-3B3EBCBD39AA}.Release|Win32.ActiveCfg = Release|Win32
		{3CEF00B5-EE54-4348-A740-3B3EBCBD39AA}.Release|Win32.Build.0 = Release|Win32
		{B2792F21-C876-11E4-856E-00262D8E2E88}.Debug|Win32.ActiveCfg = Debug|Win32
		{B2792F21-C876-11E4-856E-00262D8E2E88}.Debug|Win32.Build.0 = Debug|Win32
		{B2792F21-C876-11E4-856E-00262D8E2E88}.Default|Win32.ActiveCfg = Debug|Win32
		{B2792F21-C876-11E4-856E-00262D8E2E88}.Default|Win32.Build.0 = Debug|Win32
		{B2792F21-C876-11E4-856E-00262D8E2E88}.Release|Win32.ActiveCfg = Release|Win32
		{B2792F21-C876-11E4-856E-00262D8E2E88}.Release|Win32.Build.0 = Release|Win32
		{B27C1551-C876-11E4-BF97-00262D8E2E88}.Debug|Win32.ActiveCfg = Debug|Win32
		{B27C1551-C876-11E4-BF97-00262D8E2E88}.Debug|Win32.Build.0 = Debug|Win32
		{B27C1551-C876-11E4-BF97-00262D8E2E88}.Default|Win32.ActiveCfg = Debug|Win32
		{B27C1551-C876-11E4-BF97-00262D8E2E88}.Default|Win32.Build.0 = Debug|Win32
		{B27C1551-C876-11E4-BF97-00262D8E2E88}.Release|Win32.ActiveCfg = Release|Win32
		{B27C1551-C876-11E4-BF97-00262D8E2E88}.Release|Win32.Build.0 = Release|Win32
		{B27CB18F-C876-11E4-8DED-00262D8E2E88}.Debug|Win32.ActiveCfg = Debug|Win32
		{B27CB18F-C876-11E4-8DED-00262D8E2E88}.Debug|Win32.Build.0 = Debug|Win32
		{B27CB18F-C876-11E4-8DED-00262D8E2E88}.Default|Win32.ActiveCfg = Debug|Win32
		{B27CB18F-C876-11E4-8DED-00262D8E2E88}.Default|Win32.Build.0 = Debug|Win32
		{B27CB18F-C876-11E4-8DED-00262D8E2E88}.Release|Win32.ActiveCfg = Release|Win32
		{B27CB18F-C876-11E4-8DED-00262D8E2E88}.Release|Win32.Build.0 = Release|Win32
		{B27D4DCF-C876-11E4-812C-00262D8E2E88}.Debug|Win32.ActiveCfg = Debug|Win32
		{B27D4DCF-C876-11E4-812C-00262D8E2E88}.Debug|Win32.Build.0 = Debug|Win32
		{B27D4DCF-C876-11E4-812C-00262D8E2E88}.Default|Win32.ActiveCfg = Debug|Win32
		{B27D4DCF-C876-11E4-812C-00262D8E2E88}.Default|Win32.Build.0 = Debug|Win32
		{B27D4DCF-C876-11E4-812C-00262D8E2E88}.Release|Win32.ActiveCfg = Release|Win32
		{B27D4DCF-C876-11E4-812C-00262D8E2E88}.Release|Win32.Build.0 = Release|Win32
		{B27DEA0F-C876-11E4-A084-00262D8E2E88}.Debug|Win32.ActiveCfg = Debug|Win32
		{B27DEA0F-C876-11E4-A084-00262D8E2E88}.Debug|Win32.Build.0 = Debug|Win32
		{B27DEA0F-C876-11E4-A084-00262D8E2E88}.Default|Win32.ActiveCfg = Debug|Win32
		{B27DEA0F-C876-11E4-A084-00262D8E2E88}.Default|Win32.Build.0 = Debug|Win32
		{B27DEA0F-C876-11E4-A084-00262D8E2E88}.Release|Win32.ActiveCfg = Release|Win32
		{B27DEA0F-C876-11E4-A084-00262D8E2E88}.Release|Win32.Build.0 = Release|Win32
		{B27E3830-C876-11E4-A6F8-00262D8E2E88}.Debug|Win32.ActiveCfg = Debug|Win32
		{B27E3830-C876-11E4-A6F8-00262D8E2E88}.Debug|Win32.Build.0 = Debug|Win32
		{B27E3830-C876-11E4-A6F8-00262D8E2E88}.Default|Win32.ActiveCfg = Debug|Win32
		{B27E3830-C876-11E4-A6F8-00262D8E2E88}.Default|Win32.Build.0 = Debug|Win32
		{B27E3830-C876-11E4-A6F8-00262D8E2E88}.Release|Win32.ActiveCfg = Release|Win32
		{B27E3830-C876-11E4-A6F8-00262D8E2E88}.Release|Win32.Build.0 = Release|Win32
		{B27EFB80-C876-11E4-95E8-00262D8E2E88}.Debug|Win32.ActiveCfg = Debug|Win32
		{B27EFB80-C876-11E4-95E8-00262D8E2E88}.Debug|Win32.Build.0 = Debug|Win32
		{B27EFB80-C876-11E4-95E8-00262D8E2E88}.Default|Win32.ActiveCfg = Debug|Win32
		{B27EFB80-C876-11E4-95E8-00262D8E2E88}.Default|Win32.Build.0 = Debug|Win32
		{B27EFB80-C876-11E4-95E8-00262D8E2E88}.Release|Win32.ActiveCfg = Release|Win32
		{B27EFB80-C876-11E4-95E8-00262D8E2E88}.Release|Win32.Build.0 = Release|Win32
		{B27F97C0-C876-11E4-A7ED-00262D8E2E88}.Debug|Win32.ActiveCfg = Debug|Win32
		{B27F97C0-C876-11E4-A7ED-00262D8E2E88}.Debug|Win32.Build.0 = Debug|Win32
		{B27F97C0-C876-11E4-A7ED-00262D8E2E88}.Default|Win32.ActiveCfg = Debug|Win32
		{B27F97C0-C876-11E4-A7ED-00262D8E2E88}.Default|Win32.Build.0 = Debug|Win32
		{B27F97C0-C876-11E4-A7ED-00262D8E2E88}.Release|Win32.ActiveCfg = Release|Win32
		{B27F97C0-C876-11E4-A7ED-00262D8E2E88}.Release|Win32.Build.0 = Release|Win32
		{B2800CEE-C876-11E4-9516-00262D8E2E88}.Debug|Win32.ActiveCfg = Debug|Win32
		{B2800CEE-C876-11E4-9516-00262D8E2E88}.Debug|Win32.Build.0 = Debug|Win32
		{B2800CEE-C876-11E4-9516-00262D8E2E88}.Default|Win32.ActiveCfg = Debug|Win32
		{B2800CEE-C876-11E4-9516-00262D8E2E88}.Default|Win32.Build.0 = Debug|Win32
		{B2800CEE-C876-11E4-9516-00262D8E2E88}.Release|Win32.ActiveCfg = Release|Win32
		{B2800CEE-C876-11E4-9516-00262D8E2E88}.Release|Win32.Build.0 = Release|Win32
		{B280A930-C876-11E4-88FD-00262D8E2E88}.Debug|Win32.ActiveCfg = Debug|Win32
		{B280A930-C876-11E4-88FD-00262D8E2E88}.Debug|Win32.Build.0 = Debug|Win32
		{B280A930-C876-11E4-88FD-00262D8E2E88}.Default|Win32.ActiveCfg = Debug|Win32
		{B280A930-C876-11E4-88FD-00262D8E2E88}.Default|Win32.Build.0 = Debug|Win32
		{B280A930-C876-11E4-88FD-00262D8E2E88}.Release|Win32.ActiveCfg = Release|Win32
		{B280A930-C876-11E4-88FD-00262D8E2E88}.Release|Win32.Build.0 = Release|Win32
		{B2811E61-C876-11E4-8556-00262D8E2E88}.Debug|Win32.ActiveCfg = Debug|Win32
		{B2811E61-C876-11E4-8556-00262D8E2E88}.Debug|Win32.Build.0 = Debug|Win32
		{B2811E61-C876-11E4-8556-00262D8E2E88}.Default|Win32.ActiveCfg = Debug|Win32
		{B2811E61-C876-11E4-8556-00262D8E2E88}.Default|Win32.Build.0 = Debug|Win32
		{B2811E61-C876-11E4-8556-00262D8E2E88}.Release|Win32.ActiveCfg = Release|Win32
		{B2811E61-C876-11E4-8556-00262D8E2E88}.Release|Win32.Build.0 = Release|Win32
		{B281938F-C876-11E4-AA85-00262D8E2E88}.Debug|Win32.ActiveCfg = Debug|Win32
		{B281938F-C876-11E4-AA85-00262D8E2E88}.Debug|Win32.Build.0 = Debug|Win32
		{B281938F-C876-11E4-AA85-00262D8E2E88}.Default|Win32.ActiveCfg = Debug|Win32
		{B281938F-C876-11E4-AA85-00262D8E2E88}.Default|Win32.Build.0 = Debug|Win32
		{B281938F-C876-11E4-AA85-00262D8E2E88}.Release|Win32.ActiveCfg = Release|Win32
		{B281938F-C876-11E4-AA85-00262D8E2E88}.Release|Win32.Build.0 = Release|Win32
		{B28208C0-C876-11E4-A466-00262D8E2E88}.Debug|Win32.ActiveCfg = Debug|Win32
		{B28208C0-C876-11E4-A466-00262D8E2E88}.Debug|Win32.Build.0 = Debug|Win32
		{B28208C0-C876-11E4-A466-00262D8E2E88}.Default|Win32.ActiveCfg = Debug|Win32
		{B28208C0-C876-11E4-A466-00262D8E2E88}.Default|Win32.Build.0 = Debug|Win32
		{B28208C0-C876-11E4-A466-00262D8E2E88}.Release|Win32.ActiveCfg = Release|Win32
		{B28208C0-C876-11E4-A466-00262D8E2E88}.Release|Win32.Build.0 = Release|Win32
		{B282A500-C876-11E4-A9D5-00262D8E2E88}.Debug|Win32.ActiveCfg = Debug|Win32
		{B282A500-C876-11E4-A9D5-00262D8E2E88}.Debug|Win32.Build.0 = Debug|Win32
		{B282A500-C876-11E4-A9D5-00262D8E2E88}.Default|Win32.ActiveCfg = Debug|Win32
		{B282A500-C876-11E4-A9D5-00262D8E2E88}.Default|Win32.Build.0 = Debug|Win32
		{B282A500-C876-11E4-A9D5-00262D8E2E88}.Release|Win32.ActiveCfg = Release|Win32
		{B282A500-C876-11E4-A9D5-00262D8E2E88}.Release|Win32.Build.0 = Release|Win32
		{B2834140-C876-11E4-BEFA-00262D8E2E88}.Debug|Win32.ActiveCfg = Debug|Win32
		{B2834140-C876-11E4-BEFA-00262D8E2E88}.Debug|Win32.Build.0 = Debug|Win32
		{B2834140-C876-11E4-BEFA-00262D8E2E88}.Default|Win32.ActiveCfg = Debug|Win32
		{B2834140-C876-11E4-BEFA-00262D8E2E88}.Default|Win32.Build.0 = Debug|Win32
		{B2834140-C876-11E4-BEFA-00262D8E2E88}.Release|Win32.ActiveCfg = Release|Win32
		{B2834140-C876-11E4-BEFA-00262D8E2E88}.Release|Win32.Build.0 = Release|Win32
		{B283B670-C876-11E4-A761-00262D8E2E88}.Debug|Win32.ActiveCfg = Debug|Win32
		{B283B670-C876-11E4-A761-00262D8E2E88}.Debug|Win32.Build.0 = Debug|Win32
		{B283B670-C876-11E4-A761-00262D8E2E88}.Default|Win32.ActiveCfg = Debug|Win32
		{B283B670-C876-11E4-A761-00262D8E2E88}.Default|Win32.Build.0 = Debug|Win32
		{B283B670-C876-11E4-A761-00262D8E2E88}.Release|Win32.ActiveCfg = Release|Win32
		{B283B670-C876-11E4-A761-00262D8E2E88}.Release|Win32.Build.0 = Release|Win32
		{B2842BA1-C876-11E4-85D2-00262D8E2E88}.Debug|Win32.ActiveCfg = Debug|Win32
		{B2842BA1-C876-11E4-85D2-00262D8E2E88}.Debug|Win32.Build.0 = Debug|Win32
		{B2842BA1-C876-11E4-85D2-00262D8E2E88}.Default|Win32.ActiveCfg = Debug|Win32
		{B2842BA1-C876-11E4-85D2-00262D8E2E88}.Default|Win32.Build.0 = Debug|Win32
		{B2842BA1-C876-11E4-85D2-00262D8E2E88}.Release|Win32.ActiveCfg = Release|Win32
		{B2842BA1-C876-11E4-85D2-00262D8E2E88}.Release|Win32.Build.0 = Release|Win32
		{B284C7E1-C876-11E4-AB07-00262D8E2E88}.Debug|Win32.ActiveCfg = Debug|Win32
		{B284C7E1-C876-11E4-AB07-00262D8E2E88}.Debug|Win32.Build.0 = Debug|Win32
		{B284C7E1-C876-11E4-AB07-00262D8E2E88}.Default|Win32.ActiveCfg = Debug|Win32
		{B284C7E1-C876-11E4-AB07-00262D8E2E88}.Default|Win32.Build.0 = Debug|Win32
		{B284C7E1-C876-11E4-AB07-00262D8E2E88}.Release|Win32.ActiveCfg = Release|Win32
		{B284C7E1-C876-11E4-AB07-00262D8E2E88}.Release|Win32.Build.0 = Release|Win32
		{B2853D0F-C876-11E4-BAAC-00262D8E2E88}.Debug|Win32.ActiveCfg = Debug|Win32
		{B2853D0F-C876-11E4-BAAC-00262D8E2E88}.Debug|Win32.Build.0 = Debug|Win32
		{B2853D0F-C876-11E4-BAAC-00262D8E2E88}.Default|Win32.ActiveCfg = Debug|Win32
		{B2853D0F-C876-11E4-BAAC-00262D8E2E88}.Default|Win32.Build.0 = Debug|Win32
		{B2853D0F-C876-11E4-BAAC-00262D8E2E88}.Release|Win32.ActiveCfg = Release|Win32
		{B2853D0F-C876-11E4-BAAC-00262D8E2E88}.Release|Win32.Build.0 = Release|Win32
		{B285B240-C876-11E4-8B1F-00262D8E2E88}.Debug|Win32.ActiveCfg = Debug|Win32
		{B285B240-C876-11E4-8B1F-00262D8E2E88}.Debug|Win32.Build.0 = Debug|Win32
		{B285B240-C876-11E4-8B1F-00262D8E2E88}.Default|Win32.ActiveCfg = Debug|Win32
		{B285B240-C876-11E4-8B1F-00262D8E2E88}.Default|Win32.Build.0 = Debug|Win32
		{B285B240-C876-11E4-8B1F-00262D8E2E88}.Release|Win32.ActiveCfg = Release|Win32
		{B285B240-C876-11E4-8B1F-00262D8E2E88}.Release|Win32.Build.0 = Release|Win32
		{B2862770-C876-11E4-8631-00262D8E2E88}.Debug|Win32.ActiveCfg = Debug|Win32
		{B2862770-C876-11E4-8631-00262D8E2E88}.Debug|Win32.Build.0 = Debug|Win32
		{B2862770-C876-11E4-8631-00262D8E2E88}.Default|Win32.ActiveCfg = Debug|Win32
		{B2862770-C876-11E4-8631-00262D8E2E88}.Default|Win32.Build.0 = Debug|Win32
		{B2862770-C876-11E4-8631-00262D8E2E88}.Release|Win32.ActiveCfg = Release|Win32
		{B2862770-C876-11E4-8631-00262D8E2E88}.Release|Win32.Build.0 = Release|Win32
		{B286C3B0-C876-11E4-94E8-00262D8E2E88}.Debug|Win32.ActiveCfg = Debug|Win32
		{B286C3B0-C876-11E4-94E8-00262D8E2E88}.Debug|Win32.Build.0 = Debug|Win32
		{B286C3B0-C876-11E4-94E8-00262D8E2E88}.Default|Win32.ActiveCfg = Debug|Win32
		{B286C3B0-C876-11E4-94E8-00262D8E2E88}.Default|Win32.Build.0 = Debug|Win32
		{B286C3B0-C876-11E4-94E8-00262D8E2E88}.Release|Win32.ActiveCfg = Release|Win32
		{B286C3B0-C876-11E4-94E8-00262D8E2E88}.Release|Win32.Build.0 = Release|Win32
		{B28738E1-C876-11E4-8BE8-00262D8E2E88}.Debug|Win32.ActiveCfg = Debug|Win32
		{B28738E1-C876-11E4-8BE8-00262D8E2E88}.Debug|Win32.Build.0 = Debug|Win32
		{B28738E1-C876-11E4-8BE8-00262D8E2E88}.Default|Win32.ActiveCfg = Debug|Win32
		{B28738E1-C876-11E4-8BE8-00262D8E2E88}.Default|Win32.Build.0 = Debug|Win32
		{B28738E1-C876-11E4-8BE8-00262D8E2E88}.Release|Win32.ActiveCfg = Release|Win32
		{B28738E1-C876-11E4-8BE8-00262D8E2E88}.Release|Win32.Build.0 = Release|Win32
		{B287D521-C876-11E4-A335-00262D8E2E88}.Debug|Win32.ActiveCfg = Debug|Win32
		{B287D521-C876-11E4-A335-00262D8E2E88}.Debug|Win32.Build.0 = Debug|Win32
		{B287D521-C876-11E4-A335-00262D8E2E88}.Default|Win32.ActiveCfg = Debug|Win32
		{B287D521-C876-11E4-A335-00262D8E2E88}.Default|Win32.Build.0 = Debug|Win32
		{B287D521-C876-11E4-A335-00262D8E2E88}.Release|Win32.ActiveCfg = Release|Win32
		{B287D521-C876-11E4-A335-00262D8E2E88}.Release|Win32.Build.0 = Release|Win32
		{B288715E-C876-11E4-A748-00262D8E2E88}.Debug|Win32.ActiveCfg = Debug|Win32
		{B288715E-C876-11E4-A748-00262D8E2E88}.Debug|Win32.Build.0 = Debug|Win32
		{B288715E-C876-11E4-A748-00262D8E2E88}.Default|Win32.ActiveCfg = Debug|Win32
		{B288715E-C876-11E4-A748-00262D8E2E88}.Default|Win32.Build.0 = Debug|Win32
		{B288715E-C876-11E4-A748-00262D8E2E88}.Release|Win32.ActiveCfg = Release|Win32
		{B288715E-C876-11E4-A748-00262D8E2E88}.Release|Win32.Build.0 = Release|Win32
		{B2890D9E-C876-11E4-A556-00262D8E2E88}.Debug|Win32.ActiveCfg = Debug|Win32
		{B2890D9E-C876-11E4-A556-00262D8E2E88}.Debug|Win32.Build.0 = Debug|Win32
		{B2890D9E-C876-11E4-A556-00262D8E2E88}.Default|Win32.ActiveCfg = Debug|Win32
		{B2890D9E-C876-11E4-A556-00262D8E2E88}.Default|Win32.Build.0 = Debug|Win32
		{B2890D9E-C876-11E4-A556-00262D8E2E88}.Release|Win32.ActiveCfg = Release|Win32
		{B2890D9E-C876-11E4-A556-00262D8E2E88}.Release|Win32.Build.0 = Release|Win32
		{B289A9E1-C876-11E4-A8B2-00262D8E2E88}.Debug|Win32.ActiveCfg = Debug|Win32
		{B289A9E1-C876-11E4-A8B2-00262D8E2E88}.Debug|Win32.Build.0 = Debug|Win32
		{B289A9E1-C876-11E4-A8B2-00262D8E2E88}.Default|Win32.ActiveCfg = Debug|Win32
		{B289A9E1-C876-11E4-A8B2-00262D8E2E88}.Default|Win32.Build.0 = Debug|Win32
		{B289A9E1-C876-11E4-A8B2-00262D8E2E88}.Release|Win32.ActiveCfg = Release|Win32
		{B289A9E1-C876-11E4-A8B2-00262D8E2E88}.Release|Win32.Build.0 = Release|Win32
		{B28A1F11-C876-11E4-9C14-00262D8E2E88}.Debug|Win32.ActiveCfg = Debug|Win32
		{B28A1F11-C876-11E4-9C14-00262D8E2E88}.Debug|Win32.Build.0 = Debug|Win32
		{B28A1F11-C876-11E4-9C14-00262D8E2E88}.Default|Win32.ActiveCfg = Debug|Win32
		{B28A1F11-C876-11E4-9C14-00262D8E2E88}.Default|Win32.Build.0 = Debug|Win32
		{B28A1F11-C876-11E4-9C14-00262D8E2E88}.Release|Win32.ActiveCfg = Release|Win32
		{B28A1F11-C876-11E4-9C14-00262D8E2E88}.Release|Win32.Build.0 = Release|Win32
		{B28A9440-C876-11E4-910E-00262D8E2E88}.Debug|Win32.ActiveCfg = Debug|Win32
		{B28A9440-C876-11E4-910E-00262D8E2E88}.Debug|Win32.Build.0 = Debug|Win32
		{B28A9440-C876-11E4-910E-00262D8E2E88}.Default|Win32.ActiveCfg = Debug|Win32
		{B28A9440-C876-11E4-910E-00262D8E2E88}.Default|Win32.Build.0 = Debug|Win32
		{B28A9440-C876-11E4-910E-00262D8E2E88}.Release|Win32.ActiveCfg = Release|Win32
		{B28A9440-C876-11E4-910E-00262D8E2E88}.Release|Win32.Build.0 = Release|Win32
		{B28B096E-C876-11E4-90F0-00262D8E2E88}.Debug|Win32.ActiveCfg = Debug|Win32
		{B28B096E-C876-11E4-90F0-00262D8E2E88}.Debug|Win32.Build.0 = Debug|Win32
		{B28B096E-C876-11E4-90F0-00262D8E2E88}.Default|Win32.ActiveCfg = Debug|Win32
		{B28B096E-C876-11E4-90F0-00262D8E2E88}.Default|Win32.Build.0 = Debug|Win32
		{B28B096E-C876-11E4-90F0-00262D8E2E88}.Release|Win32.ActiveCfg = Release|Win32
		{B28B096E-C876-11E4-90F0-00262D8E2E88}.Release|Win32.Build.0 = Release|Win32
		{B28BA5B0-C876-11E4-8543-00262D8E2E88}.Debug|Win32.ActiveCfg = Debug|Win32
		{B28BA5B0-C876-11E4-8543-00262D8E2E88}.Debug|Win32.Build.0 = Debug|Win32
		{B28BA5B0-C876-11E4-8543-00262D8E2E88}.Default|Win32.ActiveCfg = Debug|Win32
		{B28BA5B0-C876-11E4-8543-00262D8E2E88}.Default|Win32.Build.0 = Debug|Win32
		{B28BA5B0-C876-11E4-8543-00262D8E2E88}.Release|Win32.ActiveCfg = Release|Win32
		{B28BA5B0-C876-11E4-8543-00262D8E2E88}.Release|Win32.Build.0 = Release|Win32
		{B28C41F0-C876-11E4-AF4B-00262D8E2E88}.Debug|Win32.ActiveCfg = Debug|Win32
		{B28C41F0-C876-11E4-AF4B-00262D8E2E88}.Debug|Win32.Build.0 = Debug|Win32
		{B28C41F0-C876-11E4-AF4B-00262D8E2E88}.Default|Win32.ActiveCfg = Debug|Win32
		{B28C41F0-C876-11E4-AF4B-00262D8E2E88}.Default|Win32.Build.0 = Debug|Win32
		{B28C41F0-C876-11E4-AF4B-00262D8E2E88}.Release|Win32.ActiveCfg = Release|Win32
		{B28C41F0-C876-11E4-AF4B-00262D8E2E88}.Release|Win32.Build.0 = Release|Win32
		{B28CB721-C876-11E4-9DE4-00262D8E2E88}.Debug|Win32.ActiveCfg = Debug|Win32
		{B28CB721-C876-11E4-9DE4-00262D8E2E88}.Debug|Win32.Build.0 = Debug|Win32
		{B28CB721-C876-11E4-9DE4-00262D8E2E88}.Default|Win32.ActiveCfg = Debug|Win32
		{B28CB721-C876-11E4-9DE4-00262D8E2E88}.Default|Win32.Build.0 = Debug|Win32
		{B28CB721-C876-11E4-9DE4-00262D8E2E88}.Release|Win32.ActiveCfg = Release|Win32
		{B28CB721-C876-11E4-9DE4-00262D8E2E88}.Release|Win32.Build.0 = Release|Win32
		{B28D2C51-C876-11E4-9E0C-00262D8E2E88}.Debug|Win32.ActiveCfg = Debug|Win32
		{B28D2C51-C876-11E4-9E0C-00262D8E2E88}.Debug|Win32.Build.0 = Debug|Win32
		{B28D2C51-C876-11E4-9E0C-00262D8E2E88}.Default|Win32.ActiveCfg = Debug|Win32
		{B28D2C51-C876-11E4-9E0C-00262D8E2E88}.Default|Win32.Build.0 = Debug|Win32
		{B28D2C51-C876-11E4-9E0C-00262D8E2E88}.Release|Win32.ActiveCfg = Release|Win32
		{B28D2C51-C876-11E4-9E0C-00262D8E2E88}.Release|Win32.Build.0 = Release|Win32
		{B28DA180-C876-11E4-8B08-00262D8E2E88}.Debug|Win32.ActiveCfg = Debug|Win32
		{B28DA180-C876-11E4-8B08-00262D8E2E88}.Debug|Win32.Build.0 = Debug|Win32
		{B28DA180-C876-11E4-8B08-00262D8E2E88}.Default|Win32.ActiveCfg = Debug|Win32
		{B28DA180-C876-11E4-8B08-00262D8E2E88}.Default|Win32.Build.0 = Debug|Win32
		{B28DA180-C876-11E4-8B08-00262D8E2E88}.Release|Win32.ActiveCfg = Release|Win32
		{B28DA180-C876-11E4-8B08-00262D8E2E88}.Release|Win32.Build.0 = Release|Win32
		{B28E64CF-C876-11E4-9556-00262D8E2E88}.Debug|Win32.ActiveCfg = Debug|Win32
		{B28E64CF-C876-11E4-9556-00262D8E2E88}.Debug|Win32.Build.0 = Debug|Win32
		{B28E64CF-C876-11E4-9556-00262D8E2E88}.Default|Win32.ActiveCfg = Debug|Win32
		{B28E64CF-C876-11E4-9556-00262D8E2E88}.Default|Win32.Build.0 = Debug|Win32
		{B28E64CF-C876-11E4-9556-00262D8E2E88}.Release|Win32.ActiveCfg = Release|Win32
		{B28E64CF-C876-11E4-9556-00262D8E2E88}.Release|Win32.Build.0 = Release|Win32
		{B28EDA00-C876-11E4-8AD7-00262D8E2E88}.Debug|Win32.ActiveCfg = Debug|Win32
		{B28EDA00-C876-11E4-8AD7-00262D8E2E88}.Debug|Win32.Build.0 = Debug|Win32
		{B28EDA00-C876-11E4-8AD7-00262D8E2E88}.Default|Win32.ActiveCfg = Debug|Win32
		{B28EDA00-C876-11E4-8AD7-00262D8E2E88}.Default|Win32.Build.0 = Debug|Win32
		{B28EDA00-C876-11E4-8AD7-00262D8E2E88}.Release|Win32.ActiveCfg = Release|Win32
		{B28EDA00-C876-11E4-8AD7-00262D8E2E88}.Release|Win32.Build.0 = Release|Win32
		{B28F7640-C876-11E4-AEB2-00262D8E2E88}.Debug|Win32.ActiveCfg = Debug|Win32
		{B28F7640-C876-11E4-AEB2-00262D8E2E88}.Debug|Win32.Build.0 = Debug|Win32
		{B28F7640-C876-11E4-AEB2-00262D8E2E88}.Default|Win32.ActiveCfg = Debug|Win32
		{B28F7640-C876-11E4-AEB2-00262D8E2E88}.Default|Win32.Build.0 = Debug|Win32
		{B28F7640-C876-11E4-AEB2-00262D8E2E88}.Release|Win32.ActiveCfg = Release|Win32
		{B28F7640-C876-11E4-AEB2-00262D8E2E88}.Release|Win32.Build.0 = Release|Win32
		{B28FC461-C876-11E4-B85F-00262D8E2E88}.Debug|Win32.ActiveCfg = Debug|Win32
		{B28FC461-C876-11E4-B85F-00262D8E2E88}.Debug|Win32.Build.0 = Debug|Win32
		{B28FC461-C876-11E4-B85F-00262D8E2E88}.Default|Win32.ActiveCfg = Debug|Win32
		{B28FC461-C876-11E4-B85F-00262D8E2E88}.Default|Win32.Build.0 = Debug|Win32
		{B28FC461-C876-11E4-B85F-00262D8E2E88}.Release|Win32.ActiveCfg = Release|Win32
		{B28FC461-C876-11E4-B85F-00262D8E2E88}.Release|Win32.Build.0 = Release|Win32
		{B29060A1-C876-11E4-9D69-00262D8E2E88}.Debug|Win32.ActiveCfg = Debug|Win32
		{B29060A1-C876-11E4-9D69-00262D8E2E88}.Debug|Win32.Build.0 = Debug|Win32
		{B29060A1-C876-11E4-9D69-00262D8E2E88}.Default|Win32.ActiveCfg = Debug|Win32
		{B29060A1-C876-11E4-9D69-00262D8E2E88}.Default|Win32.Build.0 = Debug|Win32
		{B29060A1-C876-11E4-9D69-00262D8E2E88}.Release|Win32.ActiveCfg = Release|Win32
		{B29060A1-C876-11E4-9D69-00262D8E2E88}.Release|Win32.Build.0 = Release|Win32
		{B290D5CF-C876-11E4-9FAC-00262D8E2E88}.Debug|Win32.ActiveCfg = Debug|Win32
		{B290D5CF-C876-11E4-9FAC-00262D8E2E88}.Debug|Win32.Build.0 = Debug|Win32
		{B290D5CF-C876-11E4-9FAC-00262D8E2E88}.Default|Win32.ActiveCfg = Debug|Win32
		{B290D5CF-C876-11E4-9FAC-00262D8E2E88}.Default|Win32.Build.0 = Debug|Win32
		{B290D5CF-C876-11E4-9FAC-00262D8E2E88}.Release|Win32.ActiveCfg = Release|Win32
		{B290D5CF-C876-11E4-9FAC-00262D8E2E88}.Release|Win32.Build.0 = Release|Win32
		{B2914B00-C876-11E4-BAAC-00262D8E2E88}.Debug|Win32.ActiveCfg = Debug|Win32
		{B2914B00-C876-11E4-BAAC-00262D8E2E88}.Debug|Win32.Build.0 = Debug|Win32
		{B2914B00-C876-11E4-BAAC-00262D8E2E88}.Default|Win32.ActiveCfg = Debug|Win32
		{B2914B00-C876-11E4-BAAC-00262D8E2E88}.Default|Win32.Build.0 = Debug|Win32
		{B2914B00-C876-11E4-BAAC-00262D8E2E88}.Release|Win32.ActiveCfg = Release|Win32
		{B2914B00-C876-11E4-BAAC-00262D8E2E88}.Release|Win32.Build.0 = Release|Win32
		{B291E740-C876-11E4-82C9-00262D8E2E88}.Debug|Win32.ActiveCfg = Debug|Win32
		{B291E740-C876-11E4-82C9-00262D8E2E88}.Debug|Win32.Build.0 = Debug|Win32
		{B291E740-C876-11E4-82C9-00262D8E2E88}.Default|Win32.ActiveCfg = Debug|Win32
		{B291E740-C876-11E4-82C9-00262D8E2E88}.Default|Win32.Build.0 = Debug|Win32
		{B291E740-C876-11E4-82C9-00262D8E2E88}.Release|Win32.ActiveCfg = Release|Win32
		{B291E740-C876-11E4-82C9-00262D8E2E88}.Release|Win32.Build.0 = Release|Win32
		{B2928380-C876-11E4-A23A-00262D8E2E88}.Debug|Win32.ActiveCfg = Debug|Win32
		{B2928380-C876-11E4-A23A-00262D8E2E88}.Debug|Win32.Build.0 = Debug|Win32
		{B2928380-C876-11E4-A23A-00262D8E2E88}.Default|Win32.ActiveCfg = Debug|Win32
		{B2928380-C876-11E4-A23A-00262D8E2E88}.Default|Win32.Build.0 = Debug|Win32
		{B2928380-C876-11E4-A23A-00262D8E2E88}.Release|Win32.ActiveCfg = Release|Win32
		{B2928380-C876-11E4-A23A-00262D8E2E88}.Release|Win32.Build.0 = Release|Win32
		{B2931FC0-C876-11E4-A4B5-00262D8E2E88}.Debug|Win32.ActiveCfg = Debug|Win32
		{B2931FC0-C876-11E4-A4B5-00262D8E2E88}.Debug|Win32.Build.0 = Debug|Win32
		{B2931FC0-C876-11E4-A4B5-00262D8E2E88}.Default|Win32.ActiveCfg = Debug|Win32
		{B2931FC0-C876-11E4-A4B5-00262D8E2E88}.Default|Win32.Build.0 = Debug|Win32
		{B2931FC0-C876-11E4-A4B5-00262D8E2E88}.Release|Win32.ActiveCfg = Release|Win32
		{B2931FC0-C876-11E4-A4B5-00262D8E2E88}.Release|Win32.Build.0 = Release|Win32
		{B293BC00-C876-11E4-838A-00262D8E2E88}.Debug|Win32.ActiveCfg = Debug|Win32
		{B293BC00-C876-11E4-838A-00262D8E2E88}.Debug|Win32.Build.0 = Debug|Win32
		{B293BC00-C876-11E4-838A-00262D8E2E88}.Default|Win32.ActiveCfg = Debug|Win32
		{B293BC00-C876-11E4-838A-00262D8E2E88}.Default|Win32.Build.0 = Debug|Win32
		{B293BC00-C876-11E4-838A-00262D8E2E88}.Release|Win32.ActiveCfg = Release|Win32
		{B293BC00-C876-11E4-838A-00262D8E2E88}.Release|Win32.Build.0 = Release|Win32
		{B2943130-C876-11E4-A236-00262D8E2E88}.Debug|Win32.ActiveCfg = Debug|Win32
		{B2943130-C876-11E4-A236-00262D8E2E88}.Debug|Win32.Build.0 = Debug|Win32
		{B2943130-C876-11E4-A236-00262D8E2E88}.Default|Win32.ActiveCfg = Debug|Win32
		{B2943130-C876-11E4-A236-00262D8E2E88}.Default|Win32.Build.0 = Debug|Win32
		{B2943130-C876-11E4-A236-00262D8E2E88}.Release|Win32.ActiveCfg = Release|Win32
		{B2943130-C876-11E4-A236-00262D8E2E88}.Release|Win32.Build.0 = Release|Win32
		{B294A65E-C876-11E4-838C-00262D8E2E88}.Debug|Win32.ActiveCfg = Debug|Win32
		{B294A65E-C876-11E4-838C-00262D8E2E88}.Debug|Win32.Build.0 = Debug|Win32
		{B294A65E-C876-11E4-838C-00262D8E2E88}.Default|Win32.ActiveCfg = Debug|Win32
		{B294A65E-C876-11E4-838C-00262D8E2E88}.Default|Win32.Build.0 = Debug|Win32
		{B294A65E-C876-11E4-838C-00262D8E2E88}.Release|Win32.ActiveCfg = Release|Win32
		{B294A65E-C876-11E4-838C-00262D8E2E88}.Release|Win32.Build.0 = Release|Win32
		{B2951B8F-C876-11E4-B534-00262D8E2E88}.Debug|Win32.ActiveCfg = Debug|Win32
		{B2951B8F-C876-11E4-B534-00262D8E2E88}.Debug|Win32.Build.0 = Debug|Win32
		{B2951B8F-C876-11E4-B534-00262D8E2E88}.Default|Win32.ActiveCfg = Debug|Win32
		{B2951B8F-C876-11E4-B534-00262D8E2E88}.Default|Win32.Build.0 = Debug|Win32
		{B2951B8F-C876-11E4-B534-00262D8E2E88}.Release|Win32.ActiveCfg = Release|Win32
		{B2951B8F-C876-11E4-B534-00262D8E2E88}.Release|Win32.Build.0 = Release|Win32
		{B29590C0-C876-11E4-A536-00262D8E2E88}.Debug|Win32.ActiveCfg = Debug|Win32
		{B29590C0-C876-11E4-A536-00262D8E2E88}.Debug|Win32.Build.0 = Debug|Win32
		{B29590C0-C876-11E4-A536-00262D8E2E88}.Default|Win32.ActiveCfg = Debug|Win32
		{B29590C0-C876-11E4-A536-00262D8E2E88}.Default|Win32.Build.0 = Debug|Win32
		{B29590C0-C876-11E4-A536-00262D8E2E88}.Release|Win32.ActiveCfg = Release|Win32
		{B29590C0-C876-11E4-A536-00262D8E2E88}.Release|Win32.Build.0 = Release|Win32
		{B296540F-C876-11E4-AC4A-00262D8E2E88}.Debug|Win32.ActiveCfg = Debug|Win32
		{B296540F-C876-11E4-AC4A-00262D8E2E88}.Debug|Win32.Build.0 = Debug|Win32
		{B296540F-C876-11E4-AC4A-00262D8E2E88}.Default|Win32.ActiveCfg = Debug|Win32
		{B296540F-C876-11E4-AC4A-00262D8E2E88}.Default|Win32.Build.0 = Debug|Win32
		{B296540F-C876-11E4-AC4A-00262D8E2E88}.Release|Win32.ActiveCfg = Release|Win32
		{B296540F-C876-11E4-AC4A-00262D8E2E88}.Release|Win32.Build.0 = Release|Win32
		{B296C940-C876-11E4-B50F-00262D8E2E88}.Debug|Win32.ActiveCfg = Debug|Win32
		{B296C940-C876-11E4-B50F-00262D8E2E88}.Debug|Win32.Build.0 = Debug|Win32
		{B296C940-C876-11E4-B50F-00262D8E2E88}.Default|Win32.ActiveCfg = Debug|Win32
		{B296C940-C876-11E4-B50F-00262D8E2E88}.Default|Win32.Build.0 = Debug|Win32
		{B296C940-C876-11E4-B50F-00262D8E2E88}.Release|Win32.ActiveCfg = Release|Win32
		{B296C940-C876-11E4-B50F-00262D8E2E88}.Release|Win32.Build.0 = Release|Win32
		{B2976580-C876-11E4-9489-00262D8E2E88}.Debug|Win32.ActiveCfg = Debug|Win32
		{B2976580-C876-11E4-9489-00262D8E2E88}.Debug|Win32.Build.0 = Debug|Win32
		{B2976580-C876-11E4-9489-00262D8E2E88}.Default|Win32.ActiveCfg = Debug|Win32
		{B2976580-C876-11E4-9489-00262D8E2E88}.Default|Win32.Build.0 = Debug|Win32
		{B2976580-C876-11E4-9489-00262D8E2E88}.Release|Win32.ActiveCfg = Release|Win32
		{B2976580-C876-11E4-9489-00262D8E2E88}.Release|Win32.Build.0 = Release|Win32
		{B297DAB0-C876-11E4-8F16-00262D8E2E88}.Debug|Win32.ActiveCfg = Debug|Win32
		{B297DAB0-C876-11E4-8F16-00262D8E2E88}.Debug|Win32.Build.0 = Debug|Win32
		{B297DAB0-C876-11E4-8F16-00262D8E2E88}.Default|Win32.ActiveCfg = Debug|Win32
		{B297DAB0-C876-11E4-8F16-00262D8E2E88}.Default|Win32.Build.0 = Debug|Win32
		{B297DAB0-C876-11E4-8F16-00262D8E2E88}.Release|Win32.ActiveCfg = Release|Win32
		{B297DAB0-C876-11E4-8F16-00262D8E2E88}.Release|Win32.Build.0 = Release|Win32
		{B29876F0-C876-11E4-895F-00262D8E2E88}.Debug|Win32.ActiveCfg = Debug|Win32
		{B29876F0-C876-11E4-895F-00262D8E2E88}.Debug|Win32.Build.0 = Debug|Win32
		{B29876F0-C876-11E4-895F-00262D8E2E88}.Default|Win32.ActiveCfg = Debug|Win32
		{B29876F0-C876-11E4-895F-00262D8E2E88}.Default|Win32.Build.0 = Debug|Win32
		{B29876F0-C876-11E4-895F-00262D8E2E88}.Release|Win32.ActiveCfg = Release|Win32
		{B29876F0-C876-11E4-895F-00262D8E2E88}.Release|Win32.Build.0 = Release|Win32
		{B299132E-C876-11E4-853B-00262D8E2E88}.Debug|Win32.ActiveCfg = Debug|Win32
		{B299132E-C876-11E4-853B-00262D8E2E88}.Debug|Win32.Build.0 = Debug|Win32
		{B299132E-C876-11E4-853B-00262D8E2E88}.Default|Win32.ActiveCfg = Debug|Win32
		{B299132E-C876-11E4-853B-00262D8E2E88}.Default|Win32.Build.0 = Debug|Win32
		{B299132E-C876-11E4-853B-00262D8E2E88}.Release|Win32.ActiveCfg = Release|Win32
		{B299132E-C876-11E4-853B-00262D8E2E88}.Release|Win32.Build.0 = Release|Win32
		{B299885E-C876-11E4-B62D-00262D8E2E88}.Debug|Win32.ActiveCfg = Debug|Win32
		{B299885E-C876-11E4-B62D-00262D8E2E88}.Debug|Win32.Build.0 = Debug|Win32
		{B299885E-C876-11E4-B62D-00262D8E2E88}.Default|Win32.ActiveCfg = Debug|Win32
		{B299885E-C876-11E4-B62D-00262D8E2E88}.Default|Win32.Build.0 = Debug|Win32
		{B299885E-C876-11E4-B62D-00262D8E2E88}.Release|Win32.ActiveCfg = Release|Win32
		{B299885E-C876-11E4-B62D-00262D8E2E88}.Release|Win32.Build.0 = Release|Win32
		{B299FD8F-C876-11E4-92C8-00262D8E2E88}.Debug|Win32.ActiveCfg = Debug|Win32
		{B299FD8F-C876-11E4-92C8-00262D8E2E88}.Debug|Win32.Build.0 = Debug|Win32
		{B299FD8F-C876-11E4-92C8-00262D8E2E88}.Default|Win32.ActiveCfg = Debug|Win32
		{B299FD8F-C876-11E4-92C8-00262D8E2E88}.Default|Win32.Build.0 = Debug|Win32
		{B299FD8F-C876-11E4-92C8-00262D8E2E88}.Release|Win32.ActiveCfg = Release|Win32
		{B299FD8F-C876-11E4-92C8-00262D8E2E88}.Release|Win32.Build.0 = Release|Win32
		{B29A72C0-C876-11E4-A522-00262D8E2E88}.Debug|Win32.ActiveCfg = Debug|Win32
		{B29A72C0-C876-11E4-A522-00262D8E2E88}.Debug|Win32.Build.0 = Debug|Win32
		{B29A72C0-C876-11E4-A522-00262D8E2E88}.Default|Win32.ActiveCfg = Debug|Win32
		{B29A72C0-C876-11E4-A522-00262D8E2E88}.Default|Win32.Build.0 = Debug|Win32
		{B29A72C0-C876-11E4-A522-00262D8E2E88}.Release|Win32.ActiveCfg = Release|Win32
		{B29A72C0-C876-11E4-A522-00262D8E2E88}.Release|Win32.Build.0 = Release|Win32
		{B29AE7F0-C876-11E4-ABE1-00262D8E2E88}.Debug|Win32.ActiveCfg = Debug|Win32
		{B29AE7F0-C876-11E4-ABE1-00262D8E2E88}.Debug|Win32.Build.0 = Debug|Win32
		{B29AE7F0-C876-11E4-ABE1-00262D8E2E88}.Default|Win32.ActiveCfg = Debug|Win32
		{B29AE7F0-C876-11E4-ABE1-00262D8E2E88}.Default|Win32.Build.0 = Debug|Win32
		{B29AE7F0-C876-11E4-ABE1-00262D8E2E88}.Release|Win32.ActiveCfg = Release|Win32
		{B29AE7F0-C876-11E4-ABE1-00262D8E2E88}.Release|Win32.Build.0 = Release|Win32
		{B29B8430-C876-11E4-B877-00262D8E2E88}.Debug|Win32.ActiveCfg = Debug|Win32
		{B29B8430-C876-11E4-B877-00262D8E2E88}.Debug|Win32.Build.0 = Debug|Win32
		{B29B8430-C876-11E4-B877-00262D8E2E88}.Default|Win32.ActiveCfg = Debug|Win32
		{B29B8430-C876-11E4-B877-00262D8E2E88}.Default|Win32.Build.0 = Debug|Win32
		{B29B8430-C876-11E4-B877-00262D8E2E88}.Release|Win32.ActiveCfg = Release|Win32
		{B29B8430-C876-11E4-B877-00262D8E2E88}.Release|Win32.Build.0 = Release|Win32
		{B29BF95E-C876-11E4-9247-00262D8E2E88}.Debug|Win32.ActiveCfg = Debug|Win32
		{B29BF95E-C876-11E4-9247-00262D8E2E88}.Debug|Win32.Build.0 = Debug|Win32
		{B29BF95E-C876-11E4-9247-00262D8E2E88}.Default|Win32.ActiveCfg = Debug|Win32
		{B29BF95E-C876-11E4-9247-00262D8E2E88}.Default|Win32.Build.0 = Debug|Win32
		{B29BF95E-C876-11E4-9247-00262D8E2E88}.Release|Win32.ActiveCfg = Release|Win32
		{B29BF95E-C876-11E4-9247-00262D8E2E88}.Release|Win32.Build.0 = Release|Win32
		{B29C6E8F-C876-11E4-AE42-00262D8E2E88}.Debug|Win32.ActiveCfg = Debug|Win32
		{B29C6E8F-C876-11E4-AE42-00262D8E2E88}.Debug|Win32.Build.0 = Debug|Win32
		{B29C6E8F-C876-11E4-AE42-00262D8E2E88}.Default|Win32.ActiveCfg = Debug|Win32
		{B29C6E8F-C876-11E4-AE42-00262D8E2E88}.Default|Win32.Build.0 = Debug|Win32
		{B29C6E8F-C876-11E4-AE42-00262D8E2E88}.Release|Win32.ActiveCfg = Release|Win32
		{B29C6E8F-C876-11E4-AE42-00262D8E2E88}.Release|Win32.Build.0 = Release|Win32
		{B29D0ACF-C876-11E4-85DE-00262D8E2E88}.Debug|Win32.ActiveCfg = Debug|Win32
		{B29D0ACF-C876-11E4-85DE-00262D8E2E88}.Debug|Win32.Build.0 = Debug|Win32
		{B29D0ACF-C876-11E4-85DE-00262D8E2E88}.Default|Win32.ActiveCfg = Debug|Win32
		{B29D0ACF-C876-11E4-85DE-00262D8E2E88}.Default|Win32.Build.0 = Debug|Win32
		{B29D0ACF-C876-11E4-85DE-00262D8E2E88}.Release|Win32.ActiveCfg = Release|Win32
		{B29D0ACF-C876-11E4-85DE-00262D8E2E88}.Release|Win32.Build.0 = Release|Win32
		{B29DCE21-C876-11E4-902B-00262D8E2E88}.Debug|Win32.ActiveCfg = Debug|Win32
		{B29DCE21-C876-11E4-902B-00262D8E2E88}.Debug|Win32.Build.0 = Debug|Win32
		{B29DCE21-C876-11E4-902B-00262D8E2E88}.Default|Win32.ActiveCfg = Debug|Win32
		{B29DCE21-C876-11E4-902B-00262D8E2E88}.Default|Win32.Build.0 = Debug|Win32
		{B29DCE21-C876-11E4-902B-00262D8E2E88}.Release|Win32.ActiveCfg = Release|Win32
		{B29DCE21-C876-11E4-902B-00262D8E2E88}.Release|Win32.Build.0 = Release|Win32
		{B29E4351-C876-11E4-9C4D-00262D8E2E88}.Debug|Win32.ActiveCfg = Debug|Win32
		{B29E4351-C876-11E4-9C4D-00262D8E2E88}.Debug|Win32.Build.0 = Debug|Win32
		{B29E4351-C876-11E4-9C4D-00262D8E2E88}.Default|Win32.ActiveCfg = Debug|Win32
		{B29E4351-C876-11E4-9C4D-00262D8E2E88}.Default|Win32.Build.0 = Debug|Win32
		{B29E4351-C876-11E4-9C4D-00262D8E2E88}.Release|Win32.ActiveCfg = Release|Win32
		{B29E4351-C876-11E4-9C4D-00262D8E2E88}.Release|Win32.Build.0 = Release|Win32
		{B29EB880-C876-11E4-83B6-00262D8E2E88}.Debug|Win32.ActiveCfg = Debug|Win32
		{B29EB880-C876-11E4-83B6-00262D8E2E88}.Debug|Win32.Build.0 = Debug|Win32
		{B29EB880-C876-11E4-83B6-00262D8E2E88}.Default|Win32.ActiveCfg = Debug|Win32
		{B29EB880-C876-11E4-83B6-00262D8E2E88}.Default|Win32.Build.0 = Debug|Win32
		{B29EB880-C876-11E4-83B6-00262D8E2E88}.Release|Win32.ActiveCfg = Release|Win32
		{B29EB880-C876-11E4-83B6-00262D8E2E88}.Release|Win32.Build.0 = Release|Win32
		{B29F2DAE-C876-11E4-8A22-00262D8E2E88}.Debug|Win32.ActiveCfg = Debug|Win32
		{B29F2DAE-C876-11E4-8A22-00262D8E2E88}.Debug|Win32.Build.0 = Debug|Win32
		{B29F2DAE-C876-11E4-8A22-00262D8E2E88}.Default|Win32.ActiveCfg = Debug|Win32
		{B29F2DAE-C876-11E4-8A22-00262D8E2E88}.Default|Win32.Build.0 = Debug|Win32
		{B29F2DAE-C876-11E4-8A22-00262D8E2E88}.Release|Win32.ActiveCfg = Release|Win32
		{B29F2DAE-C876-11E4-8A22-00262D8E2E88}.Release|Win32.Build.0 = Release|Win32
		{B29FC9F0-C876-11E4-B127-00262D8E2E88}.Debug|Win32.ActiveCfg = Debug|Win32
		{B29FC9F0-C876-11E4-B127-00262D8E2E88}.Debug|Win32.Build.0 = Debug|Win32
		{B29FC9F0-C876-11E4-B127-00262D8E2E88}.Default|Win32.ActiveCfg = Debug|Win32
		{B29FC9F0-C876-11E4-B127-00262D8E2E88}.Default|Win32.Build.0 = Debug|Win32
		{B29FC9F0-C876-11E4-B127-00262D8E2E88}.Release|Win32.ActiveCfg = Release|Win32
		{B29FC9F0-C876-11E4-B127-00262D8E2E88}.Release|Win32.Build.0 = Release|Win32
	EndGlobalSection
	GlobalSection(SolutionProperties) = preSolution
		HideSolutionNode = FALSE
	EndGlobalSection
	GlobalSection(NestedProjects) = preSolution
		{B2792F21-C876-11E4-856E-00262D8E2E88} = {FFC4A4CC-5EEF-4C07-ABE0-B1E4991852A7}
		{B27C1551-C876-11E4-BF97-00262D8E2E88} = {FFC4A4CC-5EEF-4C07-ABE0-B1E4991852A7}
		{B27CB18F-C876-11E4-8DED-00262D8E2E88} = {FFC4A4CC-5EEF-4C07-ABE0-B1E4991852A7}
		{B27D4DCF-C876-11E4-812C-00262D8E2E88} = {FFC4A4CC-5EEF-4C07-ABE0-B1E4991852A7}
		{B27DEA0F-C876-11E4-A084-00262D8E2E88} = {FFC4A4CC-5EEF-4C07-ABE0-B1E4991852A7}
		{B27E3830-C876-11E4-A6F8-00262D8E2E88} = {FFC4A4CC-5EEF-4C07-ABE0-B1E4991852A7}
		{B27EFB80-C876-11E4-95E8-00262D8E2E88} = {FFC4A4CC-5EEF-4C07-ABE0-B1E4991852A7}
		{B27F97C0-C876-11E4-A7ED-00262D8E2E88} = {FFC4A4CC-5EEF-4C07-ABE0-B1E4991852A7}
		{B2800CEE-C876-11E4-9516-00262D8E2E88} = {FFC4A4CC-5EEF-4C07-ABE0-B1E4991852A7}
		{B280A930-C876-11E4-88FD-00262D8E2E88} = {FFC4A4CC-5EEF-4C07-ABE0-B1E4991852A7}
		{B2811E61-C876-11E4-8556-00262D8E2E88} = {FFC4A4CC-5EEF-4C07-ABE0-B1E4991852A7}
		{B281938F-C876-11E4-AA85-00262D8E2E88} = {FFC4A4CC-5EEF-4C07-ABE0-B1E4991852A7}
		{B28208C0-C876-11E4-A466-00262D8E2E88} = {FFC4A4CC-5EEF-4C07-ABE0-B1E4991852A7}
		{B282A500-C876-11E4-A9D5-00262D8E2E88} = {FFC4A4CC-5EEF-4C07-ABE0-B1E4991852A7}
		{B2834140-C876-11E4-BEFA-00262D8E2E88} = {FFC4A4CC-5EEF-4C07-ABE0-B1E4991852A7}
		{B283B670-C876-11E4-A761-00262D8E2E88} = {FFC4A4CC-5EEF-4C07-ABE0-B1E4991852A7}
		{B2842BA1-C876-11E4-85D2-00262D8E2E88} = {FFC4A4CC-5EEF-4C07-ABE0-B1E4991852A7}
		{B284C7E1-C876-11E4-AB07-00262D8E2E88} = {FFC4A4CC-5EEF-4C07-ABE0-B1E4991852A7}
		{B2853D0F-C876-11E4-BAAC-00262D8E2E88} = {FFC4A4CC-5EEF-4C07-ABE0-B1E4991852A7}
		{B285B240-C876-11E4-8B1F-00262D8E2E88} = {FFC4A4CC-5EEF-4C07-ABE0-B1E4991852A7}
		{B2862770-C876-11E4-8631-00262D8E2E88} = {FFC4A4CC-5EEF-4C07-ABE0-B1E4991852A7}
		{B286C3B0-C876-11E4-94E8-00262D8E2E88} = {FFC4A4CC-5EEF-4C07-ABE0-B1E4991852A7}
		{B28738E1-C876-11E4-8BE8-00262D8E2E88} = {FFC4A4CC-5EEF-4C07-ABE0-B1E4991852A7}
		{B287D521-C876-11E4-A335-00262D8E2E88} = {FFC4A4CC-5EEF-4C07-ABE0-B1E4991852A7}
		{B288715E-C876-11E4-A748-00262D8E2E88} = {FFC4A4CC-5EEF-4C07-ABE0-B1E4991852A7}
		{B2890D9E-C876-11E4-A556-00262D8E2E88} = {FFC4A4CC-5EEF-4C07-ABE0-B1E4991852A7}
		{B289A9E1-C876-11E4-A8B2-00262D8E2E88} = {FFC4A4CC-5EEF-4C07-ABE0-B1E4991852A7}
		{B28A1F11-C876-11E4-9C14-00262D8E2E88} = {FFC4A4CC-5EEF-4C07-ABE0-B1E4991852A7}
		{B28A9440-C876-11E4-910E-00262D8E2E88} = {FFC4A4CC-5EEF-4C07-ABE0-B1E4991852A7}
		{B28B096E-C876-11E4-90F0-00262D8E2E88} = {FFC4A4CC-5EEF-4C07-ABE0-B1E4991852A7}
		{B28BA5B0-C876-11E4-8543-00262D8E2E88} = {FFC4A4CC-5EEF-4C07-ABE0-B1E4991852A7}
		{B28C41F0-C876-11E4-AF4B-00262D8E2E88} = {FFC4A4CC-5EEF-4C07-ABE0-B1E4991852A7}
		{B28CB721-C876-11E4-9DE4-00262D8E2E88} = {FFC4A4CC-5EEF-4C07-ABE0-B1E4991852A7}
		{B28D2C51-C876-11E4-9E0C-00262D8E2E88} = {FFC4A4CC-5EEF-4C07-ABE0-B1E4991852A7}
		{B28DA180-C876-11E4-8B08-00262D8E2E88} = {FFC4A4CC-5EEF-4C07-ABE0-B1E4991852A7}
		{B28E64CF-C876-11E4-9556-00262D8E2E88} = {FFC4A4CC-5EEF-4C07-ABE0-B1E4991852A7}
		{B28EDA00-C876-11E4-8AD7-00262D8E2E88} = {FFC4A4CC-5EEF-4C07-ABE0-B1E4991852A7}
		{B28F7640-C876-11E4-AEB2-00262D8E2E88} = {FFC4A4CC-5EEF-4C07-ABE0-B1E4991852A7}
		{B28FC461-C876-11E4-B85F-00262D8E2E88} = {FFC4A4CC-5EEF-4C07-ABE0-B1E4991852A7}
		{B29060A1-C876-11E4-9D69-00262D8E2E88} = {FFC4A4CC-5EEF-4C07-ABE0-B1E4991852A7}
		{B290D5CF-C876-11E4-9FAC-00262D8E2E88} = {FFC4A4CC-5EEF-4C07-ABE0-B1E4991852A7}
		{B2914B00-C876-11E4-BAAC-00262D8E2E88} = {FFC4A4CC-5EEF-4C07-ABE0-B1E4991852A7}
		{B291E740-C876-11E4-82C9-00262D8E2E88} = {FFC4A4CC-5EEF-4C07-ABE0-B1E4991852A7}
		{B2928380-C876-11E4-A23A-00262D8E2E88} = {FFC4A4CC-5EEF-4C07-ABE0-B1E4991852A7}
		{B2931FC0-C876-11E4-A4B5-00262D8E2E88} = {FFC4A4CC-5EEF-4C07-ABE0-B1E4991852A7}
		{B293BC00-C876-11E4-838A-00262D8E2E88} = {FFC4A4CC-5EEF-4C07-ABE0-B1E4991852A7}
		{B2943130-C876-11E4-A236-00262D8E2E88} = {FFC4A4CC-5EEF-4C07-ABE0-B1E4991852A7}
		{B294A65E-C876-11E4-838C-00262D8E2E88} = {FFC4A4CC-5EEF-4C07-ABE0-B1E4991852A7}
		{B2951B8F-C876-11E4-B534-00262D8E2E88} = {FFC4A4CC-5EEF-4C07-ABE0-B1E4991852A7}
		{B29590C0-C876-11E4-A536-00262D8E2E88} = {FFC4A4CC-5EEF-4C07-ABE0-B1E4991852A7}
		{B296540F-C876-11E4-AC4A-00262D8E2E88} = {FFC4A4CC-5EEF-4C07-ABE0-B1E4991852A7}
		{B296C940-C876-11E4-B50F-00262D8E2E88} = {FFC4A4CC-5EEF-4C07-ABE0-B1E4991852A7}
		{B2976580-C876-11E4-9489-00262D8E2E88} = {FFC4A4CC-5EEF-4C07-ABE0-B1E4991852A7}
		{B297DAB0-C876-11E4-8F16-00262D8E2E88} = {FFC4A4CC-5EEF-4C07-ABE0-B1E4991852A7}
		{B29876F0-C876-11E4-895F-00262D8E2E88} = {FFC4A4CC-5EEF-4C07-ABE0-B1E4991852A7}
		{B299132E-C876-11E4-853B-00262D8E2E88} = {FFC4A4CC-5EEF-4C07-ABE0-B1E4991852A7}
		{B299885E-C876-11E4-B62D-00262D8E2E88} = {FFC4A4CC-5EEF-4C07-ABE0-B1E4991852A7}
		{B299FD8F-C876-11E4-92C8-00262D8E2E88} = {FFC4A4CC-5EEF-4C07-ABE0-B1E4991852A7}
		{B29A72C0-C876-11E4-A522-00262D8E2E88} = {FFC4A4CC-5EEF-4C07-ABE0-B1E4991852A7}
		{B29AE7F0-C876-11E4-ABE1-00262D8E2E88} = {FFC4A4CC-5EEF-4C07-ABE0-B1E4991852A7}
		{B29B8430-C876-11E4-B877-00262D8E2E88} = {FFC4A4CC-5EEF-4C07-ABE0-B1E4991852A7}
		{B29BF95E-C876-11E4-9247-00262D8E2E88} = {FFC4A4CC-5EEF-4C07-ABE0-B1E4991852A7}
		{B29C6E8F-C876-11E4-AE42-00262D8E2E88} = {FFC4A4CC-5EEF-4C07-ABE0-B1E4991852A7}
		{B29D0ACF-C876-11E4-85DE-00262D8E2E88} = {FFC4A4CC-5EEF-4C07-ABE0-B1E4991852A7}
		{B29DCE21-C876-11E4-902B-00262D8E2E88} = {FFC4A4CC-5EEF-4C07-ABE0-B1E4991852A7}
		{B29E4351-C876-11E4-9C4D-00262D8E2E88} = {FFC4A4CC-5EEF-4C07-ABE0-B1E4991852A7}
		{B29EB880-C876-11E4-83B6-00262D8E2E88} = {FFC4A4CC-5EEF-4C07-ABE0-B1E4991852A7}
		{B29F2DAE-C876-11E4-8A22-00262D8E2E88} = {FFC4A4CC-5EEF-4C07-ABE0-B1E4991852A7}
		{B29FC9F0-C876-11E4-B127-00262D8E2E88} = {FFC4A4CC-5EEF-4C07-ABE0-B1E4991852A7}
	EndGlobalSection
EndGlobal
